
Microsoft Visual Studio Solution File, Format Version 12.00
# Visual Studio 15
VisualStudioVersion = 15.0.28010.2041
MinimumVisualStudioVersion = 10.0.40219.1
Project("{FAE04EC0-301F-11D3-BF4B-00C04F79EFBC}") = "PortfolioServices", "PortfolioServices\PortfolioServices.csproj", "{9C2490F6-D4D9-4EAF-9992-BB57690AFD36}"
EndProject
Project("{FAE04EC0-301F-11D3-BF4B-00C04F79EFBC}") = "PortfolioDataAccess", "PortfolioDataAccess\PortfolioDataAccess.csproj", "{D8E03B34-98FF-4D4D-90CF-9AB5A0DA4D52}"
EndProject
Global
	GlobalSection(SolutionConfigurationPlatforms) = preSolution
		Debug|Any CPU = Debug|Any CPU
		Release|Any CPU = Release|Any CPU
	EndGlobalSection
	GlobalSection(ProjectConfigurationPlatforms) = postSolution
		{9C2490F6-D4D9-4EAF-9992-BB57690AFD36}.Debug|Any CPU.ActiveCfg = Debug|Any CPU
		{9C2490F6-D4D9-4EAF-9992-BB57690AFD36}.Debug|Any CPU.Build.0 = Debug|Any CPU
		{9C2490F6-D4D9-4EAF-9992-BB57690AFD36}.Release|Any CPU.ActiveCfg = Release|Any CPU
		{9C2490F6-D4D9-4EAF-9992-BB57690AFD36}.Release|Any CPU.Build.0 = Release|Any CPU
		{D8E03B34-98FF-4D4D-90CF-9AB5A0DA4D52}.Debug|Any CPU.ActiveCfg = Debug|Any CPU
		{D8E03B34-98FF-4D4D-90CF-9AB5A0DA4D52}.Debug|Any CPU.Build.0 = Debug|Any CPU
		{D8E03B34-98FF-4D4D-90CF-9AB5A0DA4D52}.Release|Any CPU.ActiveCfg = Release|Any CPU
		{D8E03B34-98FF-4D4D-90CF-9AB5A0DA4D52}.Release|Any CPU.Build.0 = Release|Any CPU
	EndGlobalSection
	GlobalSection(SolutionProperties) = preSolution
		HideSolutionNode = FALSE
	EndGlobalSection
	GlobalSection(ExtensibilityGlobals) = postSolution
		SolutionGuid = {948BC189-C62D-4CFE-9EAF-42A3A9F2CEE7}
	EndGlobalSection
EndGlobal
